{
    "_readme": [
        "This file locks the dependencies of your project to a known state",
        "Read more about it at https://getcomposer.org/doc/01-basic-usage.md#installing-dependencies",
        "This file is @generated automatically"
    ],
    "content-hash": "bd7298bc7e8900d277f3077da45382f4",
    "packages": [
        {
            "name": "wtframework/types",
            "version": "v0.3.0",
            "source": {
                "type": "git",
                "url": "https://github.com/wtframework/types.git",
                "reference": "081e17a04f9316cebf1e755f8aab310f837d3e91"
            },
            "dist": {
                "type": "zip",
                "url": "https://api.github.com/repos/wtframework/types/zipball/081e17a04f9316cebf1e755f8aab310f837d3e91",
                "reference": "081e17a04f9316cebf1e755f8aab310f837d3e91",
                "shasum": ""
            },
            "require": {
                "php": "^8.2"
            },
            "require-dev": {
                "pestphp/pest": "^2.30"
            },
            "type": "library",
            "autoload": {
                "files": [
                    "src/functions.php"
                ],
                "psr-4": {
                    "WTFramework\\Types\\": "src/"
                }
            },
            "notification-url": "https://packagist.org/downloads/",
            "license": [
                "MIT"
            ],
            "description": "What the Framework?! types",
            "support": {
                "issues": "https://github.com/wtframework/types/issues",
                "source": "https://github.com/wtframework/types/tree/v0.3.0"
            },
            "time": "2024-01-23T07:38:55+00:00"
        }
    ],
    "packages-dev": [],
    "aliases": [],
    "minimum-stability": "stable",
    "stability-flags": [],
    "prefer-stable": false,
    "prefer-lowest": false,
    "platform": [],
    "platform-dev": [],
    "plugin-api-version": "2.6.0"
}
